{
  "name": "rhdp",
  "version": "1.0.0",
  "lockfileVersion": 1,
  "requires": true,
  "dependencies": {
    "rhd-frontend": {
      "version": "git+ssh://git@github.com/redhat-developer/rhd-frontend.git#86c9081e7cf89a0d873bd274e0464a861524fb1b",
      "from": "git+ssh://git@github.com/redhat-developer/rhd-frontend.git#v1.0.1"
    }
  }
}
