{
  "name": "rhdp",
  "version": "1.0.0",
  "lockfileVersion": 1,
  "requires": true,
  "dependencies": {
    "rhd-frontend": {
      "version": "git+ssh://git@github.com/redhat-developer/rhd-frontend.git#90d95e7c233b90c37159e27ef510b2fb9c5f583c",
      "from": "git+ssh://git@github.com/redhat-developer/rhd-frontend.git"
    }
  }
}
